
Microsoft Visual Studio Solution File, Format Version 12.00
# Visual Studio Version 16
VisualStudioVersion = 16.0.30907.101
MinimumVisualStudioVersion = 10.0.40219.1
Project("{9A19103F-16F7-4668-BE54-9A1E7A4F7556}") = "stutor-core", "stutor-core\stutor-core.csproj", "{C845C596-BE2D-40A5-912A-F4400BC3BA4E}"
EndProject
Project("{9A19103F-16F7-4668-BE54-9A1E7A4F7556}") = "Stutor-Core.Tests", "..\Stutor-Core.Tests\Stutor-Core.Tests.csproj", "{2328AA0B-1BCA-4560-908C-FC382EF53537}"
EndProject
Global
	GlobalSection(SolutionConfigurationPlatforms) = preSolution
		Debug|Any CPU = Debug|Any CPU
		Release|Any CPU = Release|Any CPU
	EndGlobalSection
	GlobalSection(ProjectConfigurationPlatforms) = postSolution
		{C845C596-BE2D-40A5-912A-F4400BC3BA4E}.Debug|Any CPU.ActiveCfg = Debug|Any CPU
		{C845C596-BE2D-40A5-912A-F4400BC3BA4E}.Debug|Any CPU.Build.0 = Debug|Any CPU
		{C845C596-BE2D-40A5-912A-F4400BC3BA4E}.Release|Any CPU.ActiveCfg = Release|Any CPU
		{C845C596-BE2D-40A5-912A-F4400BC3BA4E}.Release|Any CPU.Build.0 = Release|Any CPU
		{2328AA0B-1BCA-4560-908C-FC382EF53537}.Debug|Any CPU.ActiveCfg = Debug|Any CPU
		{2328AA0B-1BCA-4560-908C-FC382EF53537}.Debug|Any CPU.Build.0 = Debug|Any CPU
		{2328AA0B-1BCA-4560-908C-FC382EF53537}.Release|Any CPU.ActiveCfg = Release|Any CPU
		{2328AA0B-1BCA-4560-908C-FC382EF53537}.Release|Any CPU.Build.0 = Release|Any CPU
	EndGlobalSection
	GlobalSection(SolutionProperties) = preSolution
		HideSolutionNode = FALSE
	EndGlobalSection
	GlobalSection(ExtensibilityGlobals) = postSolution
		SolutionGuid = {B30B3637-47B5-4C3F-AC9B-A8AFD9828E69}
	EndGlobalSection
EndGlobal
